
Microsoft Visual Studio Solution File, Format Version 12.00
# Visual Studio 15
VisualStudioVersion = 15.0.26730.12
MinimumVisualStudioVersion = 10.0.40219.1
Project("{9A19103F-16F7-4668-BE54-9A1E7A4F7556}") = "Evo.Data", "Evo.Data\Evo.Data.csproj", "{29C7E353-FDF6-4C30-B6CB-4BF1AFFCA11B}"
EndProject
Project("{9A19103F-16F7-4668-BE54-9A1E7A4F7556}") = "Evo.Domain", "Evo.Domain\Evo.Domain.csproj", "{D14A3188-7240-4D37-8C18-F71E163D0347}"
EndProject
Project("{9A19103F-16F7-4668-BE54-9A1E7A4F7556}") = "Evo.Web.Api", "Evo.Web.Api\Evo.Web.Api.csproj", "{CBF7FF12-2D59-4FA4-AB49-D90675AAEB5C}"
EndProject
Project("{FAE04EC0-301F-11D3-BF4B-00C04F79EFBC}") = "Evo.Data.Common", "Evo.Data.Common\Evo.Data.Common.csproj", "{2BECB493-69E3-4C6D-853E-36E21296FA85}"
EndProject
Project("{E53339B2-1760-4266-BCC7-CA923CBCF16C}") = "docker-compose", "docker-compose.dcproj", "{03F80DF8-8BDC-4B98-8AEE-D87456F33F76}"
EndProject
Global
	GlobalSection(SolutionConfigurationPlatforms) = preSolution
		Debug|Any CPU = Debug|Any CPU
		Release|Any CPU = Release|Any CPU
	EndGlobalSection
	GlobalSection(ProjectConfigurationPlatforms) = postSolution
		{29C7E353-FDF6-4C30-B6CB-4BF1AFFCA11B}.Debug|Any CPU.ActiveCfg = Debug|Any CPU
		{29C7E353-FDF6-4C30-B6CB-4BF1AFFCA11B}.Debug|Any CPU.Build.0 = Debug|Any CPU
		{29C7E353-FDF6-4C30-B6CB-4BF1AFFCA11B}.Release|Any CPU.ActiveCfg = Release|Any CPU
		{29C7E353-FDF6-4C30-B6CB-4BF1AFFCA11B}.Release|Any CPU.Build.0 = Release|Any CPU
		{D14A3188-7240-4D37-8C18-F71E163D0347}.Debug|Any CPU.ActiveCfg = Debug|Any CPU
		{D14A3188-7240-4D37-8C18-F71E163D0347}.Debug|Any CPU.Build.0 = Debug|Any CPU
		{D14A3188-7240-4D37-8C18-F71E163D0347}.Release|Any CPU.ActiveCfg = Release|Any CPU
		{D14A3188-7240-4D37-8C18-F71E163D0347}.Release|Any CPU.Build.0 = Release|Any CPU
		{CBF7FF12-2D59-4FA4-AB49-D90675AAEB5C}.Debug|Any CPU.ActiveCfg = Debug|Any CPU
		{CBF7FF12-2D59-4FA4-AB49-D90675AAEB5C}.Debug|Any CPU.Build.0 = Debug|Any CPU
		{CBF7FF12-2D59-4FA4-AB49-D90675AAEB5C}.Release|Any CPU.ActiveCfg = Release|Any CPU
		{CBF7FF12-2D59-4FA4-AB49-D90675AAEB5C}.Release|Any CPU.Build.0 = Release|Any CPU
		{2BECB493-69E3-4C6D-853E-36E21296FA85}.Debug|Any CPU.ActiveCfg = Debug|Any CPU
		{2BECB493-69E3-4C6D-853E-36E21296FA85}.Debug|Any CPU.Build.0 = Debug|Any CPU
		{2BECB493-69E3-4C6D-853E-36E21296FA85}.Release|Any CPU.ActiveCfg = Release|Any CPU
		{2BECB493-69E3-4C6D-853E-36E21296FA85}.Release|Any CPU.Build.0 = Release|Any CPU
		{03F80DF8-8BDC-4B98-8AEE-D87456F33F76}.Debug|Any CPU.ActiveCfg = Debug|Any CPU
		{03F80DF8-8BDC-4B98-8AEE-D87456F33F76}.Debug|Any CPU.Build.0 = Debug|Any CPU
		{03F80DF8-8BDC-4B98-8AEE-D87456F33F76}.Release|Any CPU.ActiveCfg = Release|Any CPU
		{03F80DF8-8BDC-4B98-8AEE-D87456F33F76}.Release|Any CPU.Build.0 = Release|Any CPU
	EndGlobalSection
	GlobalSection(SolutionProperties) = preSolution
		HideSolutionNode = FALSE
	EndGlobalSection
	GlobalSection(ExtensibilityGlobals) = postSolution
		SolutionGuid = {43D5A615-266E-486C-BB68-36E38B7BC08F}
	EndGlobalSection
EndGlobal
