
Microsoft Visual Studio Solution File, Format Version 12.00
# Visual Studio 15
VisualStudioVersion = 15.0.26730.12
MinimumVisualStudioVersion = 10.0.40219.1
Project("{9A19103F-16F7-4668-BE54-9A1E7A4F7556}") = "Evo.Data", "Evo.Data\Evo.Data.csproj", "{29C7E353-FDF6-4C30-B6CB-4BF1AFFCA11B}"
EndProject
Project("{9A19103F-16F7-4668-BE54-9A1E7A4F7556}") = "Evo.Domain", "Evo.Domain\Evo.Domain.csproj", "{D14A3188-7240-4D37-8C18-F71E163D0347}"
EndProject
Project("{9A19103F-16F7-4668-BE54-9A1E7A4F7556}") = "Evo.Web.Api", "Evo.Web.Api\Evo.Web.Api.csproj", "{CBF7FF12-2D59-4FA4-AB49-D90675AAEB5C}"
EndProject
Project("{9A19103F-16F7-4668-BE54-9A1E7A4F7556}") = "Evo.Data.Common", "Evo.Data.Common\Evo.Data.Common.csproj", "{2BECB493-69E3-4C6D-853E-36E21296FA85}"
EndProject
Project("{9A19103F-16F7-4668-BE54-9A1E7A4F7556}") = "Evo.Core.EmailSenderContracts", "Evo.Core.EmailSenderContracts\Evo.Core.EmailSenderContracts.csproj", "{639BB491-F06A-4C10-AA11-F56DD0CCA389}"
EndProject
Project("{9A19103F-16F7-4668-BE54-9A1E7A4F7556}") = "Evo.Core.MailGunEmailSender", "Evo.Core.MailGunEmailSender\Evo.Core.MailGunEmailSender.csproj", "{7AF8C6ED-1DDD-4CCC-B8F8-CE7E9ADAFDFF}"
EndProject
Project("{9A19103F-16F7-4668-BE54-9A1E7A4F7556}") = "Evo.Core.PostmarkEmailSender", "Evo.Core.PostmarkEmailSender\Evo.Core.PostmarkEmailSender.csproj", "{AD1DD385-13A9-4DF9-9CA1-48EB38DF4C02}"
EndProject
Project("{2150E333-8FDC-42A3-9474-1A3956D46DE8}") = "Core", "Core", "{BF14BDEB-7226-4217-9B46-644DB14EC27F}"
EndProject
Project("{2150E333-8FDC-42A3-9474-1A3956D46DE8}") = "Security", "Security", "{1B14672F-53D4-4F24-B5DE-1160E4216281}"
EndProject
Project("{FAE04EC0-301F-11D3-BF4B-00C04F79EFBC}") = "Evo.Security.Jwt", "..\Evo.Security.Jwt\Evo.Security.Jwt.csproj", "{C06F61DA-75B1-4FD4-A0D5-E1AEDBC6118C}"
EndProject
Global
	GlobalSection(SolutionConfigurationPlatforms) = preSolution
		Debug|Any CPU = Debug|Any CPU
		Release|Any CPU = Release|Any CPU
	EndGlobalSection
	GlobalSection(ProjectConfigurationPlatforms) = postSolution
		{29C7E353-FDF6-4C30-B6CB-4BF1AFFCA11B}.Debug|Any CPU.ActiveCfg = Debug|Any CPU
		{29C7E353-FDF6-4C30-B6CB-4BF1AFFCA11B}.Debug|Any CPU.Build.0 = Debug|Any CPU
		{29C7E353-FDF6-4C30-B6CB-4BF1AFFCA11B}.Release|Any CPU.ActiveCfg = Release|Any CPU
		{29C7E353-FDF6-4C30-B6CB-4BF1AFFCA11B}.Release|Any CPU.Build.0 = Release|Any CPU
		{D14A3188-7240-4D37-8C18-F71E163D0347}.Debug|Any CPU.ActiveCfg = Debug|Any CPU
		{D14A3188-7240-4D37-8C18-F71E163D0347}.Debug|Any CPU.Build.0 = Debug|Any CPU
		{D14A3188-7240-4D37-8C18-F71E163D0347}.Release|Any CPU.ActiveCfg = Release|Any CPU
		{D14A3188-7240-4D37-8C18-F71E163D0347}.Release|Any CPU.Build.0 = Release|Any CPU
		{CBF7FF12-2D59-4FA4-AB49-D90675AAEB5C}.Debug|Any CPU.ActiveCfg = Debug|Any CPU
		{CBF7FF12-2D59-4FA4-AB49-D90675AAEB5C}.Debug|Any CPU.Build.0 = Debug|Any CPU
		{CBF7FF12-2D59-4FA4-AB49-D90675AAEB5C}.Release|Any CPU.ActiveCfg = Release|Any CPU
		{CBF7FF12-2D59-4FA4-AB49-D90675AAEB5C}.Release|Any CPU.Build.0 = Release|Any CPU
		{2BECB493-69E3-4C6D-853E-36E21296FA85}.Debug|Any CPU.ActiveCfg = Debug|Any CPU
		{2BECB493-69E3-4C6D-853E-36E21296FA85}.Debug|Any CPU.Build.0 = Debug|Any CPU
		{2BECB493-69E3-4C6D-853E-36E21296FA85}.Release|Any CPU.ActiveCfg = Release|Any CPU
		{2BECB493-69E3-4C6D-853E-36E21296FA85}.Release|Any CPU.Build.0 = Release|Any CPU
		{639BB491-F06A-4C10-AA11-F56DD0CCA389}.Debug|Any CPU.ActiveCfg = Debug|Any CPU
		{639BB491-F06A-4C10-AA11-F56DD0CCA389}.Debug|Any CPU.Build.0 = Debug|Any CPU
		{639BB491-F06A-4C10-AA11-F56DD0CCA389}.Release|Any CPU.ActiveCfg = Release|Any CPU
		{639BB491-F06A-4C10-AA11-F56DD0CCA389}.Release|Any CPU.Build.0 = Release|Any CPU
		{7AF8C6ED-1DDD-4CCC-B8F8-CE7E9ADAFDFF}.Debug|Any CPU.ActiveCfg = Debug|Any CPU
		{7AF8C6ED-1DDD-4CCC-B8F8-CE7E9ADAFDFF}.Debug|Any CPU.Build.0 = Debug|Any CPU
		{7AF8C6ED-1DDD-4CCC-B8F8-CE7E9ADAFDFF}.Release|Any CPU.ActiveCfg = Release|Any CPU
		{7AF8C6ED-1DDD-4CCC-B8F8-CE7E9ADAFDFF}.Release|Any CPU.Build.0 = Release|Any CPU
		{AD1DD385-13A9-4DF9-9CA1-48EB38DF4C02}.Debug|Any CPU.ActiveCfg = Debug|Any CPU
		{AD1DD385-13A9-4DF9-9CA1-48EB38DF4C02}.Debug|Any CPU.Build.0 = Debug|Any CPU
		{AD1DD385-13A9-4DF9-9CA1-48EB38DF4C02}.Release|Any CPU.ActiveCfg = Release|Any CPU
		{AD1DD385-13A9-4DF9-9CA1-48EB38DF4C02}.Release|Any CPU.Build.0 = Release|Any CPU
		{C06F61DA-75B1-4FD4-A0D5-E1AEDBC6118C}.Debug|Any CPU.ActiveCfg = Debug|Any CPU
		{C06F61DA-75B1-4FD4-A0D5-E1AEDBC6118C}.Debug|Any CPU.Build.0 = Debug|Any CPU
		{C06F61DA-75B1-4FD4-A0D5-E1AEDBC6118C}.Release|Any CPU.ActiveCfg = Release|Any CPU
		{C06F61DA-75B1-4FD4-A0D5-E1AEDBC6118C}.Release|Any CPU.Build.0 = Release|Any CPU
	EndGlobalSection
	GlobalSection(SolutionProperties) = preSolution
		HideSolutionNode = FALSE
	EndGlobalSection
	GlobalSection(NestedProjects) = preSolution
		{1B14672F-53D4-4F24-B5DE-1160E4216281} = {BF14BDEB-7226-4217-9B46-644DB14EC27F}
		{C06F61DA-75B1-4FD4-A0D5-E1AEDBC6118C} = {1B14672F-53D4-4F24-B5DE-1160E4216281}
	EndGlobalSection
	GlobalSection(ExtensibilityGlobals) = postSolution
		SolutionGuid = {43D5A615-266E-486C-BB68-36E38B7BC08F}
	EndGlobalSection
EndGlobal
